
Microsoft Visual Studio Solution File, Format Version 12.00
# Visual Studio Version 17
VisualStudioVersion = 17.0.31903.59
MinimumVisualStudioVersion = 10.0.40219.1
Project("{FAE04EC0-301F-11D3-BF4B-00C04F79EFBC}") = "SernIdp.Oidc", "SernIdp.Oidc\SernIdp.Oidc.csproj", "{02733CE3-F7C5-4510-8B7A-1DC5CCAAE71A}"
EndProject
Project("{FAE04EC0-301F-11D3-BF4B-00C04F79EFBC}") = "SernIdp.Api", "SernIdp.Api\SernIdp.Api.csproj", "{9535E3D1-A39A-4F8E-A2E3-FF18FD76620F}"
EndProject
Global
	GlobalSection(SolutionConfigurationPlatforms) = preSolution
		Debug|Any CPU = Debug|Any CPU
		Release|Any CPU = Release|Any CPU
	EndGlobalSection
	GlobalSection(SolutionProperties) = preSolution
		HideSolutionNode = FALSE
	EndGlobalSection
	GlobalSection(ProjectConfigurationPlatforms) = postSolution
		{02733CE3-F7C5-4510-8B7A-1DC5CCAAE71A}.Debug|Any CPU.ActiveCfg = Debug|Any CPU
		{02733CE3-F7C5-4510-8B7A-1DC5CCAAE71A}.Debug|Any CPU.Build.0 = Debug|Any CPU
		{02733CE3-F7C5-4510-8B7A-1DC5CCAAE71A}.Release|Any CPU.ActiveCfg = Release|Any CPU
		{02733CE3-F7C5-4510-8B7A-1DC5CCAAE71A}.Release|Any CPU.Build.0 = Release|Any CPU
		{9535E3D1-A39A-4F8E-A2E3-FF18FD76620F}.Debug|Any CPU.ActiveCfg = Debug|Any CPU
		{9535E3D1-A39A-4F8E-A2E3-FF18FD76620F}.Debug|Any CPU.Build.0 = Debug|Any CPU
		{9535E3D1-A39A-4F8E-A2E3-FF18FD76620F}.Release|Any CPU.ActiveCfg = Release|Any CPU
		{9535E3D1-A39A-4F8E-A2E3-FF18FD76620F}.Release|Any CPU.Build.0 = Release|Any CPU
	EndGlobalSection
EndGlobal
